// !$*UTF8*$!
{
	archiveVersion = 1;
	classes = {
	};
	objectVersion = 46;
	objects = {

/* Begin PBXBuildFile section */
		4293E63119D24B5F00EC7ACC /* FullScreenWindow.m in Sources */ = {isa = PBXBuildFile; fileRef = 4293E63019D24B5F00EC7ACC /* FullScreenWindow.m */; };
		42CDBB6F19D2184B00853AB8 /* main.m in Sources */ = {isa = PBXBuildFile; fileRef = 42CDBB6E19D2184B00853AB8 /* main.m */; };
		42CDBB7219D2184B00853AB8 /* AppDelegate.m in Sources */ = {isa = PBXBuildFile; fileRef = 42CDBB7119D2184B00853AB8 /* AppDelegate.m */; };
		42CDBB7419D2184B00853AB8 /* Images.xcassets in Resources */ = {isa = PBXBuildFile; fileRef = 42CDBB7319D2184B00853AB8 /* Images.xcassets */; };
		42CDBB7719D2184B00853AB8 /* MainMenu.xib in Resources */ = {isa = PBXBuildFile; fileRef = 42CDBB7519D2184B00853AB8 /* MainMenu.xib */; };
		42CDBB8319D2184B00853AB8 /* FullScreenTests.m in Sources */ = {isa = PBXBuildFile; fileRef = 42CDBB8219D2184B00853AB8 /* FullScreenTests.m */; };
/* End PBXBuildFile section */

/* Begin PBXContainerItemProxy section */
		42CDBB7D19D2184B00853AB8 /* PBXContainerItemProxy */ = {
			isa = PBXContainerItemProxy;
			containerPortal = 42CDBB6119D2184B00853AB8 /* Project object */;
			proxyType = 1;
			remoteGlobalIDString = 42CDBB6819D2184B00853AB8;
			remoteInfo = FullScreen;
		};
/* End PBXContainerItemProxy section */

/* Begin PBXFileReference section */
		4293E62F19D24B5F00EC7ACC /* FullScreenWindow.h */ = {isa = PBXFileReference; fileEncoding = 4; lastKnownFileType = sourcecode.c.h; path = FullScreenWindow.h; sourceTree = "<group>"; };
		4293E63019D24B5F00EC7ACC /* FullScreenWindow.m */ = {isa = PBXFileReference; fileEncoding = 4; lastKnownFileType = sourcecode.c.objc; path = FullScreenWindow.m; sourceTree = "<group>"; };
		42CDBB6919D2184B00853AB8 /* FullScreen.app */ = {isa = PBXFileReference; explicitFileType = wrapper.application; includeInIndex = 0; path = FullScreen.app; sourceTree = BUILT_PRODUCTS_DIR; };
		42CDBB6D19D2184B00853AB8 /* Info.plist */ = {isa = PBXFileReference; lastKnownFileType = text.plist.xml; path = Info.plist; sourceTree = "<group>"; };
		42CDBB6E19D2184B00853AB8 /* main.m */ = {isa = PBXFileReference; lastKnownFileType = sourcecode.c.objc; path = main.m; sourceTree = "<group>"; };
		42CDBB7019D2184B00853AB8 /* AppDelegate.h */ = {isa = PBXFileReference; lastKnownFileType = sourcecode.c.h; path = AppDelegate.h; sourceTree = "<group>"; };
		42CDBB7119D2184B00853AB8 /* AppDelegate.m */ = {isa = PBXFileReference; lastKnownFileType = sourcecode.c.objc; path = AppDelegate.m; sourceTree = "<group>"; };
		42CDBB7319D2184B00853AB8 /* Images.xcassets */ = {isa = PBXFileReference; lastKnownFileType = folder.assetcatalog; path = Images.xcassets; sourceTree = "<group>"; };
		42CDBB7619D2184B00853AB8 /* Base */ = {isa = PBXFileReference; lastKnownFileType = file.xib; name = Base; path = Base.lproj/MainMenu.xib; sourceTree = "<group>"; };
		42CDBB7C19D2184B00853AB8 /* FullScreenTests.xctest */ = {isa = PBXFileReference; explicitFileType = wrapper.cfbundle; includeInIndex = 0; path = FullScreenTests.xctest; sourceTree = BUILT_PRODUCTS_DIR; };
		42CDBB8119D2184B00853AB8 /* Info.plist */ = {isa = PBXFileReference; lastKnownFileType = text.plist.xml; path = Info.plist; sourceTree = "<group>"; };
		42CDBB8219D2184B00853AB8 /* FullScreenTests.m */ = {isa = PBXFileReference; lastKnownFileType = sourcecode.c.objc; path = FullScreenTests.m; sourceTree = "<group>"; };
/* End PBXFileReference section */

/* Begin PBXFrameworksBuildPhase section */
		42CDBB6619D2184B00853AB8 /* Frameworks */ = {
			isa = PBXFrameworksBuildPhase;
			buildActionMask = 2147483647;
			files = (
			);
			runOnlyForDeploymentPostprocessing = 0;
		};
		42CDBB7919D2184B00853AB8 /* Frameworks */ = {
			isa = PBXFrameworksBuildPhase;
			buildActionMask = 2147483647;
			files = (
			);
			runOnlyForDeploymentPostprocessing = 0;
		};
/* End PBXFrameworksBuildPhase section */

/* Begin PBXGroup section */
		42CDBB6019D2184B00853AB8 = {
			isa = PBXGroup;
			children = (
				42CDBB6B19D2184B00853AB8 /* FullScreen */,
				42CDBB7F19D2184B00853AB8 /* FullScreenTests */,
				42CDBB6A19D2184B00853AB8 /* Products */,
			);
			sourceTree = "<group>";
		};
		42CDBB6A19D2184B00853AB8 /* Products */ = {
			isa = PBXGroup;
			children = (
				42CDBB6919D2184B00853AB8 /* FullScreen.app */,
				42CDBB7C19D2184B00853AB8 /* FullScreenTests.xctest */,
			);
			name = Products;
			sourceTree = "<group>";
		};
		42CDBB6B19D2184B00853AB8 /* FullScreen */ = {
			isa = PBXGroup;
			children = (
				42CDBB7019D2184B00853AB8 /* AppDelegate.h */,
				42CDBB7119D2184B00853AB8 /* AppDelegate.m */,
				4293E62F19D24B5F00EC7ACC /* FullScreenWindow.h */,
				4293E63019D24B5F00EC7ACC /* FullScreenWindow.m */,
				42CDBB7319D2184B00853AB8 /* Images.xcassets */,
				42CDBB7519D2184B00853AB8 /* MainMenu.xib */,
				42CDBB6C19D2184B00853AB8 /* Supporting Files */,
			);
			path = FullScreen;
			sourceTree = "<group>";
		};
		42CDBB6C19D2184B00853AB8 /* Supporting Files */ = {
			isa = PBXGroup;
			children = (
				42CDBB6D19D2184B00853AB8 /* Info.plist */,
				42CDBB6E19D2184B00853AB8 /* main.m */,
			);
			name = "Supporting Files";
			sourceTree = "<group>";
		};
		42CDBB7F19D2184B00853AB8 /* FullScreenTests */ = {
			isa = PBXGroup;
			children = (
				42CDBB8219D2184B00853AB8 /* FullScreenTests.m */,
				42CDBB8019D2184B00853AB8 /* Supporting Files */,
			);
			path = FullScreenTests;
			sourceTree = "<group>";
		};
		42CDBB8019D2184B00853AB8 /* Supporting Files */ = {
			isa = PBXGroup;
			children = (
				42CDBB8119D2184B00853AB8 /* Info.plist */,
			);
			name = "Supporting Files";
			sourceTree = "<group>";
		};
/* End PBXGroup section */

/* Begin PBXNativeTarget section */
		42CDBB6819D2184B00853AB8 /* FullScreen */ = {
			isa = PBXNativeTarget;
			buildConfigurationList = 42CDBB8619D2184B00853AB8 /* Build configuration list for PBXNativeTarget "FullScreen" */;
			buildPhases = (
				42CDBB6519D2184B00853AB8 /* Sources */,
				42CDBB6619D2184B00853AB8 /* Frameworks */,
				42CDBB6719D2184B00853AB8 /* Resources */,
			);
			buildRules = (
			);
			dependencies = (
			);
			name = FullScreen;
			productName = FullScreen;
			productReference = 42CDBB6919D2184B00853AB8 /* FullScreen.app */;
			productType = "com.apple.product-type.application";
		};
		42CDBB7B19D2184B00853AB8 /* FullScreenTests */ = {
			isa = PBXNativeTarget;
			buildConfigurationList = 42CDBB8919D2184B00853AB8 /* Build configuration list for PBXNativeTarget "FullScreenTests" */;
			buildPhases = (
				42CDBB7819D2184B00853AB8 /* Sources */,
				42CDBB7919D2184B00853AB8 /* Frameworks */,
				42CDBB7A19D2184B00853AB8 /* Resources */,
			);
			buildRules = (
			);
			dependencies = (
				42CDBB7E19D2184B00853AB8 /* PBXTargetDependency */,
			);
			name = FullScreenTests;
			productName = FullScreenTests;
			productReference = 42CDBB7C19D2184B00853AB8 /* FullScreenTests.xctest */;
			productType = "com.apple.product-type.bundle.unit-test";
		};
/* End PBXNativeTarget section */

/* Begin PBXProject section */
		42CDBB6119D2184B00853AB8 /* Project object */ = {
			isa = PBXProject;
			attributes = {
				LastUpgradeCheck = 0600;
				ORGANIZATIONNAME = dk;
				TargetAttributes = {
					42CDBB6819D2184B00853AB8 = {
						CreatedOnToolsVersion = 6.0.1;
					};
					42CDBB7B19D2184B00853AB8 = {
						CreatedOnToolsVersion = 6.0.1;
						TestTargetID = 42CDBB6819D2184B00853AB8;
					};
				};
			};
			buildConfigurationList = 42CDBB6419D2184B00853AB8 /* Build configuration list for PBXProject "FullScreen" */;
			compatibilityVersion = "Xcode 3.2";
			developmentRegion = English;
			hasScannedForEncodings = 0;
			knownRegions = (
				en,
				Base,
			);
			mainGroup = 42CDBB6019D2184B00853AB8;
			productRefGroup = 42CDBB6A19D2184B00853AB8 /* Products */;
			projectDirPath = "";
			projectRoot = "";
			targets = (
				42CDBB6819D2184B00853AB8 /* FullScreen */,
				42CDBB7B19D2184B00853AB8 /* FullScreenTests */,
			);
		};
/* End PBXProject section */

/* Begin PBXResourcesBuildPhase section */
		42CDBB6719D2184B00853AB8 /* Resources */ = {
			isa = PBXResourcesBuildPhase;
			buildActionMask = 2147483647;
			files = (
				42CDBB7419D2184B00853AB8 /* Images.xcassets in Resources */,
				42CDBB7719D2184B00853AB8 /* MainMenu.xib in Resources */,
			);
			runOnlyForDeploymentPostprocessing = 0;
		};
		42CDBB7A19D2184B00853AB8 /* Resources */ = {
			isa = PBXResourcesBuildPhase;
			buildActionMask = 2147483647;
			files = (
			);
			runOnlyForDeploymentPostprocessing = 0;
		};
/* End PBXResourcesBuildPhase section */

/* Begin PBXSourcesBuildPhase section */
		42CDBB6519D2184B00853AB8 /* Sources */ = {
			isa = PBXSourcesBuildPhase;
			buildActionMask = 2147483647;
			files = (
				42CDBB7219D2184B00853AB8 /* AppDelegate.m in Sources */,
				42CDBB6F19D2184B00853AB8 /* main.m in Sources */,
				4293E63119D24B5F00EC7ACC /* FullScreenWindow.m in Sources */,
			);
			runOnlyForDeploymentPostprocessing = 0;
		};
		42CDBB7819D2184B00853AB8 /* Sources */ = {
			isa = PBXSourcesBuildPhase;
			buildActionMask = 2147483647;
			files = (
				42CDBB8319D2184B00853AB8 /* FullScreenTests.m in Sources */,
			);
			runOnlyForDeploymentPostprocessing = 0;
		};
/* End PBXSourcesBuildPhase section */

/* Begin PBXTargetDependency section */
		42CDBB7E19D2184B00853AB8 /* PBXTargetDependency */ = {
			isa = PBXTargetDependency;
			target = 42CDBB6819D2184B00853AB8 /* FullScreen */;
			targetProxy = 42CDBB7D19D2184B00853AB8 /* PBXContainerItemProxy */;
		};
/* End PBXTargetDependency section */

/* Begin PBXVariantGroup section */
		42CDBB7519D2184B00853AB8 /* MainMenu.xib */ = {
			isa = PBXVariantGroup;
			children = (
				42CDBB7619D2184B00853AB8 /* Base */,
			);
			name = MainMenu.xib;
			sourceTree = "<group>";
		};
/* End PBXVariantGroup section */

/* Begin XCBuildConfiguration section */
		42CDBB8419D2184B00853AB8 /* Debug */ = {
			isa = XCBuildConfiguration;
			buildSettings = {
				ALWAYS_SEARCH_USER_PATHS = NO;
				CLANG_CXX_LANGUAGE_STANDARD = "gnu++0x";
				CLANG_CXX_LIBRARY = "libc++";
				CLANG_ENABLE_MODULES = YES;
				CLANG_ENABLE_OBJC_ARC = YES;
				CLANG_WARN_BOOL_CONVERSION = YES;
				CLANG_WARN_CONSTANT_CONVERSION = YES;
				CLANG_WARN_DIRECT_OBJC_ISA_USAGE = YES_ERROR;
				CLANG_WARN_EMPTY_BODY = YES;
				CLANG_WARN_ENUM_CONVERSION = YES;
				CLANG_WARN_INT_CONVERSION = YES;
				CLANG_WARN_OBJC_ROOT_CLASS = YES_ERROR;
				CLANG_WARN_UNREACHABLE_CODE = YES;
				CLANG_WARN__DUPLICATE_METHOD_MATCH = YES;
				CODE_SIGN_IDENTITY = "-";
				COPY_PHASE_STRIP = NO;
				ENABLE_STRICT_OBJC_MSGSEND = YES;
				GCC_C_LANGUAGE_STANDARD = gnu99;
				GCC_DYNAMIC_NO_PIC = NO;
				GCC_OPTIMIZATION_LEVEL = 0;
				GCC_PREPROCESSOR_DEFINITIONS = (
					"DEBUG=1",
					"$(inherited)",
				);
				GCC_SYMBOLS_PRIVATE_EXTERN = NO;
				GCC_WARN_64_TO_32_BIT_CONVERSION = YES;
				GCC_WARN_ABOUT_RETURN_TYPE = YES_ERROR;
				GCC_WARN_UNDECLARED_SELECTOR = YES;
				GCC_WARN_UNINITIALIZED_AUTOS = YES_AGGRESSIVE;
				GCC_WARN_UNUSED_FUNCTION = YES;
				GCC_WARN_UNUSED_VARIABLE = YES;
				MACOSX_DEPLOYMENT_TARGET = 10.9;
				MTL_ENABLE_DEBUG_INFO = YES;
				ONLY_ACTIVE_ARCH = YES;
				SDKROOT = macosx;
			};
			name = Debug;
		};
		42CDBB8519D2184B00853AB8 /* Release */ = {
			isa = XCBuildConfiguration;
			buildSettings = {
				ALWAYS_SEARCH_USER_PATHS = NO;
				CLANG_CXX_LANGUAGE_STANDARD = "gnu++0x";
				CLANG_CXX_LIBRARY = "libc++";
				CLANG_ENABLE_MODULES = YES;
				CLANG_ENABLE_OBJC_ARC = YES;
				CLANG_WARN_BOOL_CONVERSION = YES;
				CLANG_WARN_CONSTANT_CONVERSION = YES;
				CLANG_WARN_DIRECT_OBJC_ISA_USAGE = YES_ERROR;
				CLANG_WARN_EMPTY_BODY = YES;
				CLANG_WARN_ENUM_CONVERSION = YES;
				CLANG_WARN_INT_CONVERSION = YES;
				CLANG_WARN_OBJC_ROOT_CLASS = YES_ERROR;
				CLANG_WARN_UNREACHABLE_CODE = YES;
				CLANG_WARN__DUPLICATE_METHOD_MATCH = YES;
				CODE_SIGN_IDENTITY = "-";
				COPY_PHASE_STRIP = YES;
				DEBUG_INFORMATION_FORMAT = "dwarf-with-dsym";
				ENABLE_NS_ASSERTIONS = NO;
				ENABLE_STRICT_OBJC_MSGSEND = YES;
				GCC_C_LANGUAGE_STANDARD = gnu99;
				GCC_WARN_64_TO_32_BIT_CONVERSION = YES;
				GCC_WARN_ABOUT_RETURN_TYPE = YES_ERROR;
				GCC_WARN_UNDECLARED_SELECTOR = YES;
				GCC_WARN_UNINITIALIZED_AUTOS = YES_AGGRESSIVE;
				GCC_WARN_UNUSED_FUNCTION = YES;
				GCC_WARN_UNUSED_VARIABLE = YES;
				MACOSX_DEPLOYMENT_TARGET = 10.9;
				MTL_ENABLE_DEBUG_INFO = NO;
				SDKROOT = macosx;
			};
			name = Release;
		};
		42CDBB8719D2184B00853AB8 /* Debug */ = {
			isa = XCBuildConfiguration;
			buildSettings = {
				ASSETCATALOG_COMPILER_APPICON_NAME = AppIcon;
				COMBINE_HIDPI_IMAGES = YES;
				INFOPLIST_FILE = FullScreen/Info.plist;
				LD_RUNPATH_SEARCH_PATHS = "$(inherited) @executable_path/../Frameworks";
				PRODUCT_NAME = "$(TARGET_NAME)";
			};
			name = Debug;
		};
		42CDBB8819D2184B00853AB8 /* Release */ = {
			isa = XCBuildConfiguration;
			buildSettings = {
				ASSETCATALOG_COMPILER_APPICON_NAME = AppIcon;
				COMBINE_HIDPI_IMAGES = YES;
				INFOPLIST_FILE = FullScreen/Info.plist;
				LD_RUNPATH_SEARCH_PATHS = "$(inherited) @executable_path/../Frameworks";
				PRODUCT_NAME = "$(TARGET_NAME)";
			};
			name = Release;
		};
		42CDBB8A19D2184B00853AB8 /* Debug */ = {
			isa = XCBuildConfiguration;
			buildSettings = {
				BUNDLE_LOADER = "$(TEST_HOST)";
				COMBINE_HIDPI_IMAGES = YES;
				FRAMEWORK_SEARCH_PATHS = (
					"$(DEVELOPER_FRAMEWORKS_DIR)",
					"$(inherited)",
				);
				GCC_PREPROCESSOR_DEFINITIONS = (
					"DEBUG=1",
					"$(inherited)",
				);
				INFOPLIST_FILE = FullScreenTests/Info.plist;
				LD_RUNPATH_SEARCH_PATHS = "$(inherited) @executable_path/../Frameworks @loader_path/../Frameworks";
				PRODUCT_NAME = "$(TARGET_NAME)";
				TEST_HOST = "$(BUILT_PRODUCTS_DIR)/FullScreen.app/Contents/MacOS/FullScreen";
			};
			name = Debug;
		};
		42CDBB8B19D2184B00853AB8 /* Release */ = {
			isa = XCBuildConfiguration;
			buildSettings = {
				BUNDLE_LOADER = "$(TEST_HOST)";
				COMBINE_HIDPI_IMAGES = YES;
				FRAMEWORK_SEARCH_PATHS = (
					"$(DEVELOPER_FRAMEWORKS_DIR)",
					"$(inherited)",
				);
				INFOPLIST_FILE = FullScreenTests/Info.plist;
				LD_RUNPATH_SEARCH_PATHS = "$(inherited) @executable_path/../Frameworks @loader_path/../Frameworks";
				PRODUCT_NAME = "$(TARGET_NAME)";
				TEST_HOST = "$(BUILT_PRODUCTS_DIR)/FullScreen.app/Contents/MacOS/FullScreen";
			};
			name = Release;
		};
/* End XCBuildConfiguration section */

/* Begin XCConfigurationList section */
		42CDBB6419D2184B00853AB8 /* Build configuration list for PBXProject "FullScreen" */ = {
			isa = XCConfigurationList;
			buildConfigurations = (
				42CDBB8419D2184B00853AB8 /* Debug */,
				42CDBB8519D2184B00853AB8 /* Release */,
			);
			defaultConfigurationIsVisible = 0;
			defaultConfigurationName = Release;
		};
		42CDBB8619D2184B00853AB8 /* Build configuration list for PBXNativeTarget "FullScreen" */ = {
			isa = XCConfigurationList;
			buildConfigurations = (
				42CDBB8719D2184B00853AB8 /* Debug */,
				42CDBB8819D2184B00853AB8 /* Release */,
			);
			defaultConfigurationIsVisible = 0;
			defaultConfigurationName = Release;
		};
		42CDBB8919D2184B00853AB8 /* Build configuration list for PBXNativeTarget "FullScreenTests" */ = {
			isa = XCConfigurationList;
			buildConfigurations = (
				42CDBB8A19D2184B00853AB8 /* Debug */,
				42CDBB8B19D2184B00853AB8 /* Release */,
			);
			defaultConfigurationIsVisible = 0;
			defaultConfigurationName = Release;
		};
/* End XCConfigurationList section */
	};
	rootObject = 42CDBB6119D2184B00853AB8 /* Project object */;
}
